
Microsoft Visual Studio Solution File, Format Version 12.00
# Visual Studio 15
VisualStudioVersion = 15.0.28010.2016
MinimumVisualStudioVersion = 10.0.40219.1
Project("{FAE04EC0-301F-11D3-BF4B-00C04F79EFBC}") = "StringSearchApp", "StringSearchApp\StringSearchApp.csproj", "{52F6D4F2-13BF-453D-8588-11BAE623FB48}"
EndProject
Global
	GlobalSection(SolutionConfigurationPlatforms) = preSolution
		Debug|Any CPU = Debug|Any CPU
		Release|Any CPU = Release|Any CPU
	EndGlobalSection
	GlobalSection(ProjectConfigurationPlatforms) = postSolution
		{52F6D4F2-13BF-453D-8588-11BAE623FB48}.Debug|Any CPU.ActiveCfg = Debug|Any CPU
		{52F6D4F2-13BF-453D-8588-11BAE623FB48}.Debug|Any CPU.Build.0 = Debug|Any CPU
		{52F6D4F2-13BF-453D-8588-11BAE623FB48}.Release|Any CPU.ActiveCfg = Release|Any CPU
		{52F6D4F2-13BF-453D-8588-11BAE623FB48}.Release|Any CPU.Build.0 = Release|Any CPU
	EndGlobalSection
	GlobalSection(SolutionProperties) = preSolution
		HideSolutionNode = FALSE
	EndGlobalSection
	GlobalSection(ExtensibilityGlobals) = postSolution
		SolutionGuid = {FEBC1863-6756-4C15-A6C1-E6E925090F0E}
	EndGlobalSection
EndGlobal
